
Microsoft Visual Studio Solution File, Format Version 12.00
# Visual Studio Version 17
VisualStudioVersion = 17.10.35004.147
MinimumVisualStudioVersion = 10.0.40219.1
Project("{FAE04EC0-301F-11D3-BF4B-00C04F79EFBC}") = "Csharp_baitap1.3", "Csharp_baitap1.3.csproj", "{348358EA-84D0-416D-BDD1-4A72FFA32EBF}"
EndProject
Global
	GlobalSection(SolutionConfigurationPlatforms) = preSolution
		Debug|Any CPU = Debug|Any CPU
		Release|Any CPU = Release|Any CPU
	EndGlobalSection
	GlobalSection(ProjectConfigurationPlatforms) = postSolution
		{348358EA-84D0-416D-BDD1-4A72FFA32EBF}.Debug|Any CPU.ActiveCfg = Debug|Any CPU
		{348358EA-84D0-416D-BDD1-4A72FFA32EBF}.Debug|Any CPU.Build.0 = Debug|Any CPU
		{348358EA-84D0-416D-BDD1-4A72FFA32EBF}.Release|Any CPU.ActiveCfg = Release|Any CPU
		{348358EA-84D0-416D-BDD1-4A72FFA32EBF}.Release|Any CPU.Build.0 = Release|Any CPU
	EndGlobalSection
	GlobalSection(SolutionProperties) = preSolution
		HideSolutionNode = FALSE
	EndGlobalSection
	GlobalSection(ExtensibilityGlobals) = postSolution
		SolutionGuid = {14D5AC52-81BB-4B28-ADEC-7D03F8FFC551}
	EndGlobalSection
EndGlobal
